
Microsoft Visual Studio Solution File, Format Version 12.00
# Visual Studio Version 16
VisualStudioVersion = 16.0.31624.102
MinimumVisualStudioVersion = 10.0.40219.1
Project("{9A19103F-16F7-4668-BE54-9A1E7A4F7556}") = "CurrencyConverter.ConsoleApplication", "src\CurrencyConverter.ConsoleApplication\CurrencyConverter.ConsoleApplication.csproj", "{F96CBC04-2856-4D9A-B2F0-430BC57CDAE9}"
EndProject
Project("{9A19103F-16F7-4668-BE54-9A1E7A4F7556}") = "CurrencyConvert.Infrastructure", "src\CurrencyConvert.Infrastructure\CurrencyConvert.Infrastructure.csproj", "{0B00B61B-B6A5-4C2A-A6A5-07E1C87BE030}"
EndProject
Project("{2150E333-8FDC-42A3-9474-1A3956D46DE8}") = "1 - Presentation", "1 - Presentation", "{93CA8076-0EF8-4632-972E-B97751C3BD71}"
EndProject
Project("{2150E333-8FDC-42A3-9474-1A3956D46DE8}") = "4 - Infrastructure", "4 - Infrastructure", "{6219ABBB-CEB6-4CCE-A0DC-5B710EF9E853}"
EndProject
Project("{FAE04EC0-301F-11D3-BF4B-00C04F79EFBC}") = "CurrencyConverter.API", "CurrencyConverter.API\CurrencyConverter.API.csproj", "{07427142-CA6C-450E-9203-DD3F84CE2E98}"
EndProject
Project("{2150E333-8FDC-42A3-9474-1A3956D46DE8}") = "2 - Application", "2 - Application", "{0136312D-E853-401B-94BF-B2E8FD0EED9E}"
EndProject
Project("{FAE04EC0-301F-11D3-BF4B-00C04F79EFBC}") = "CurrencyConverter.Application.WorkerService", "CurrencyConverter.Application.WorkerService\CurrencyConverter.Application.WorkerService.csproj", "{A8DB5955-B826-4B4D-B76F-81315DE68470}"
EndProject
Project("{2150E333-8FDC-42A3-9474-1A3956D46DE8}") = "3 - Domain", "3 - Domain", "{F50D7201-D2F7-4CBF-9B6A-CC8F7FD2EBB9}"
EndProject
Project("{FAE04EC0-301F-11D3-BF4B-00C04F79EFBC}") = "CurrencyConverter.Domain", "CurrencyConverter.Domain\CurrencyConverter.Domain.csproj", "{7CEEF645-2C28-4889-94C6-0B10EAFFB5C9}"
EndProject
Global
	GlobalSection(SolutionConfigurationPlatforms) = preSolution
		Debug|Any CPU = Debug|Any CPU
		Release|Any CPU = Release|Any CPU
	EndGlobalSection
	GlobalSection(ProjectConfigurationPlatforms) = postSolution
		{F96CBC04-2856-4D9A-B2F0-430BC57CDAE9}.Debug|Any CPU.ActiveCfg = Debug|Any CPU
		{F96CBC04-2856-4D9A-B2F0-430BC57CDAE9}.Debug|Any CPU.Build.0 = Debug|Any CPU
		{F96CBC04-2856-4D9A-B2F0-430BC57CDAE9}.Release|Any CPU.ActiveCfg = Release|Any CPU
		{F96CBC04-2856-4D9A-B2F0-430BC57CDAE9}.Release|Any CPU.Build.0 = Release|Any CPU
		{0B00B61B-B6A5-4C2A-A6A5-07E1C87BE030}.Debug|Any CPU.ActiveCfg = Debug|Any CPU
		{0B00B61B-B6A5-4C2A-A6A5-07E1C87BE030}.Debug|Any CPU.Build.0 = Debug|Any CPU
		{0B00B61B-B6A5-4C2A-A6A5-07E1C87BE030}.Release|Any CPU.ActiveCfg = Release|Any CPU
		{0B00B61B-B6A5-4C2A-A6A5-07E1C87BE030}.Release|Any CPU.Build.0 = Release|Any CPU
		{07427142-CA6C-450E-9203-DD3F84CE2E98}.Debug|Any CPU.ActiveCfg = Debug|Any CPU
		{07427142-CA6C-450E-9203-DD3F84CE2E98}.Debug|Any CPU.Build.0 = Debug|Any CPU
		{07427142-CA6C-450E-9203-DD3F84CE2E98}.Release|Any CPU.ActiveCfg = Release|Any CPU
		{07427142-CA6C-450E-9203-DD3F84CE2E98}.Release|Any CPU.Build.0 = Release|Any CPU
		{A8DB5955-B826-4B4D-B76F-81315DE68470}.Debug|Any CPU.ActiveCfg = Debug|Any CPU
		{A8DB5955-B826-4B4D-B76F-81315DE68470}.Debug|Any CPU.Build.0 = Debug|Any CPU
		{A8DB5955-B826-4B4D-B76F-81315DE68470}.Release|Any CPU.ActiveCfg = Release|Any CPU
		{A8DB5955-B826-4B4D-B76F-81315DE68470}.Release|Any CPU.Build.0 = Release|Any CPU
		{7CEEF645-2C28-4889-94C6-0B10EAFFB5C9}.Debug|Any CPU.ActiveCfg = Debug|Any CPU
		{7CEEF645-2C28-4889-94C6-0B10EAFFB5C9}.Debug|Any CPU.Build.0 = Debug|Any CPU
		{7CEEF645-2C28-4889-94C6-0B10EAFFB5C9}.Release|Any CPU.ActiveCfg = Release|Any CPU
		{7CEEF645-2C28-4889-94C6-0B10EAFFB5C9}.Release|Any CPU.Build.0 = Release|Any CPU
	EndGlobalSection
	GlobalSection(SolutionProperties) = preSolution
		HideSolutionNode = FALSE
	EndGlobalSection
	GlobalSection(NestedProjects) = preSolution
		{F96CBC04-2856-4D9A-B2F0-430BC57CDAE9} = {93CA8076-0EF8-4632-972E-B97751C3BD71}
		{0B00B61B-B6A5-4C2A-A6A5-07E1C87BE030} = {6219ABBB-CEB6-4CCE-A0DC-5B710EF9E853}
		{07427142-CA6C-450E-9203-DD3F84CE2E98} = {93CA8076-0EF8-4632-972E-B97751C3BD71}
		{A8DB5955-B826-4B4D-B76F-81315DE68470} = {0136312D-E853-401B-94BF-B2E8FD0EED9E}
		{7CEEF645-2C28-4889-94C6-0B10EAFFB5C9} = {F50D7201-D2F7-4CBF-9B6A-CC8F7FD2EBB9}
	EndGlobalSection
	GlobalSection(ExtensibilityGlobals) = postSolution
		SolutionGuid = {16B71270-3C49-4018-823C-327875CAC51A}
	EndGlobalSection
EndGlobal
